<?xml version="1.0" encoding="utf-8"?>
<Project ToolsVersion="4.0" xmlns="http://schemas.microsoft.com/developer/msbuild/2003">
  <ItemGroup>
<<<<<<< HEAD
    <ClCompile Include="Source\BindStone.cpp" />
    <ClCompile Include="Source\ManaStone.cpp" />
    <ClCompile Include="Source\EnumUtil.cpp" />
    <ClCompile Include="Source\PhatSDK\Support\CombatFormulas.cpp" />
    <ClCompile Include="Source\PhatSDK\Support\Random.cpp" />
    <ClCompile Include="Source\PhatSDK\Support\RandomRange.cpp" />
    <ClCompile Include="Source\TreasureFactory.cpp" />
    <ClCompile Include="Source\AllegianceManager.cpp" />
    <ClCompile Include="Source\Ammunition.cpp" />
    <ClCompile Include="Source\Animate.cpp" />
    <ClCompile Include="Source\AttackManager.cpp" />
    <ClCompile Include="Source\AttributeTransferDevice.cpp" />
    <ClCompile Include="Source\Book.cpp" />
    <ClCompile Include="Source\Caster.cpp" />
    <ClCompile Include="Source\Chest.cpp" />
    <ClCompile Include="Source\Clothing.cpp" />
    <ClCompile Include="Source\Config.cpp" />
    <ClCompile Include="Source\Container.cpp" />
    <ClCompile Include="Source\Corpse.cpp" />
    <ClCompile Include="Source\Database2.cpp" />
    <ClCompile Include="Source\DatabaseIO.cpp" />
    <ClCompile Include="Source\EmoteManager.cpp" />
    <ClCompile Include="Source\GameEventManager.cpp" />
    <ClCompile Include="Source\Gem.cpp" />
    <ClCompile Include="Source\Healer.cpp" />
    <ClCompile Include="Source\House.cpp" />
    <ClCompile Include="Source\InferredCellData.cpp" />
    <ClCompile Include="Source\InferredPortalData.cpp" />
    <ClCompile Include="Source\FellowshipManager.cpp" />
    <ClCompile Include="Source\Food.cpp" />
    <ClCompile Include="Source\GameMode.cpp" />
    <ClCompile Include="Source\HotSpot.cpp" />
    <ClCompile Include="Source\Key.cpp" />
    <ClCompile Include="Source\Lifestone.cpp" />
    <ClCompile Include="Source\Lockpick.cpp" />
    <ClCompile Include="Source\Logging.cpp" />
    <ClCompile Include="Source\Client.cpp" />
    <ClCompile Include="Source\ClientCommands.cpp" />
    <ClCompile Include="Source\ClientEvents.cpp" />
    <ClCompile Include="Source\ChatMsgs.cpp" />
    <ClCompile Include="Source\crc.cpp" />
    <ClCompile Include="Source\crcwheel.cpp" />
    <ClCompile Include="Source\Database.cpp" />
    <ClCompile Include="Source\Door.cpp" />
    <ClCompile Include="Source\FragStack.cpp" />
    <ClCompile Include="Source\Globals.cpp" />
    <ClCompile Include="Source\MeleeWeapon.cpp" />
    <ClCompile Include="Source\Missile.cpp" />
    <ClCompile Include="Source\MissileLauncher.cpp" />
    <ClCompile Include="Source\Monster.cpp" />
    <ClCompile Include="Source\MonsterAI.cpp" />
    <ClCompile Include="Source\Moves.cpp" />
    <ClCompile Include="Source\Network.cpp" />
    <ClCompile Include="Source\ObjectIDGen.cpp" />
    <ClCompile Include="Source\ObjectMsgs.cpp" />
    <ClCompile Include="Source\PacketController.cpp" />
    <ClCompile Include="Source\PhatAC.cpp" />
    <ClCompile Include="Source\PhatSDKImpl.cpp" />
    <ClCompile Include="Source\PhatSDK\ACCharGenData.cpp" />
    <ClCompile Include="Source\PhatSDK\ACCharGenResult.cpp" />
    <ClCompile Include="Source\PhatSDK\AllegianceProfile.cpp" />
    <ClCompile Include="Source\PhatSDK\Animation.cpp" />
    <ClCompile Include="Source\PhatSDK\AnimHooks.cpp" />
    <ClCompile Include="Source\PhatSDK\Appraisal.cpp" />
    <ClCompile Include="Source\PhatSDK\BSPData.cpp" />
    <ClCompile Include="Source\PhatSDK\BuildingObj.cpp" />
    <ClCompile Include="Source\PhatSDK\ChildList.cpp" />
    <ClCompile Include="Source\PhatSDK\ClothingTable.cpp" />
    <ClCompile Include="Source\PhatSDK\CombatSystem.cpp" />
    <ClCompile Include="Source\PhatSDK\Housing.cpp" />
    <ClCompile Include="Source\PhatSDK\MutationFilter.cpp" />
    <ClCompile Include="Source\PhatSDK\PlayerModule.cpp" />
    <ClCompile Include="Source\PhatSDK\QuestDefDB.cpp" />
    <ClCompile Include="Source\PhatSDK\EnvCell.cpp" />
    <ClCompile Include="Source\PhatSDK\Environment.cpp" />
    <ClCompile Include="Source\PhatSDK\ExperienceTable.cpp" />
    <ClCompile Include="Source\PhatSDK\Frame.cpp" />
    <ClCompile Include="Source\PhatSDK\GameSky.cpp" />
    <ClCompile Include="Source\PhatSDK\GameTime.cpp" />
    <ClCompile Include="Source\PhatSDK\GfxObj.cpp" />
    <ClCompile Include="Source\PhatSDK\LandBlock.cpp" />
    <ClCompile Include="Source\PhatSDK\LandBlockInfo.cpp" />
    <ClCompile Include="Source\PhatSDK\LandBlockStruct.cpp" />
    <ClCompile Include="Source\PhatSDK\LandCell.cpp" />
    <ClCompile Include="Source\PhatSDK\LandDefs.cpp" />
    <ClCompile Include="Source\PhatSDK\LandScape.cpp" />
    <ClCompile Include="Source\PhatSDK\LegacyPackObj.cpp" />
    <ClCompile Include="Source\PhatSDK\LegacyStubs.cpp" />
    <ClCompile Include="Source\PhatSDK\MagicSystem.cpp" />
    <ClCompile Include="Source\PhatSDK\Material.cpp" />
    <ClCompile Include="Source\PhatSDK\MathLib.cpp" />
    <ClCompile Include="Source\PhatSDK\MotionTable.cpp" />
    <ClCompile Include="Source\PhatSDK\Movement.cpp" />
    <ClCompile Include="Source\PhatSDK\MovementManager.cpp" />
    <ClCompile Include="Source\PhatSDK\ObjCache.cpp" />
    <ClCompile Include="Source\PhatSDK\ObjCell.cpp" />
    <ClCompile Include="Source\PhatSDK\ObjDesc.cpp" />
    <ClCompile Include="Source\PhatSDK\ObjectInventory.cpp" />
    <ClCompile Include="Source\PhatSDK\ObjectMaint.cpp" />
    <ClCompile Include="Source\PhatSDK\OldPublicWeenieDesc.cpp" />
    <ClCompile Include="Source\PhatSDK\Palette.cpp" />
    <ClCompile Include="Source\PhatSDK\PalSet.cpp" />
    <ClCompile Include="Source\PhatSDK\PartArray.cpp" />
    <ClCompile Include="Source\PhatSDK\PartCell.cpp" />
    <ClCompile Include="Source\PhatSDK\Particles.cpp" />
    <ClCompile Include="Source\PhatSDK\PhatSDK.cpp" />
    <ClCompile Include="Source\PhatSDK\Physics.cpp" />
    <ClCompile Include="Source\PhatSDK\PhysicsObj.cpp" />
    <ClCompile Include="Source\PhatSDK\PhysicsPart.cpp" />
    <ClCompile Include="Source\PhatSDK\Polygon.cpp" />
    <ClCompile Include="Source\PhatSDK\PositionManager.cpp" />
    <ClCompile Include="Source\PhatSDK\PString.cpp" />
    <ClCompile Include="Source\PhatSDK\PublicWeenieDesc.cpp" />
    <ClCompile Include="Source\PhatSDK\Qualities.cpp" />
    <ClCompile Include="Source\PhatSDK\QualityFilter.cpp" />
    <ClCompile Include="Source\PhatSDK\QuestTable.cpp" />
    <ClCompile Include="Source\PhatSDK\RegionDesc.cpp" />
    <ClCompile Include="Source\PhatSDK\Scene.cpp" />
    <ClCompile Include="Source\PhatSDK\Scripts.cpp" />
    <ClCompile Include="Source\PhatSDK\Setup.cpp" />
    <ClCompile Include="Source\PhatSDK\SkillTable.cpp" />
    <ClCompile Include="Source\PhatSDK\SkyDesc.cpp" />
    <ClCompile Include="Source\PhatSDK\SmartBox.cpp" />
    <ClCompile Include="Source\PhatSDK\SortCell.cpp" />
    <ClCompile Include="Source\PhatSDK\SoundDesc.cpp" />
    <ClCompile Include="Source\PhatSDK\SpellComponentTable.cpp" />
    <ClCompile Include="Source\PhatSDK\SpellTable.cpp" />
    <ClCompile Include="Source\PhatSDK\Support\BinaryReader.cpp" />
    <ClCompile Include="Source\PhatSDK\Support\BinaryWriter.cpp" />
    <ClCompile Include="Source\PhatSDK\Support\ClothingCache.cpp" />
    <ClCompile Include="Source\PhatSDK\Support\CraftTable.cpp" />
    <ClCompile Include="Source\PhatSDK\Support\DATDisk.cpp" />
    <ClCompile Include="Source\PhatSDK\Support\GameEventDefDB.cpp" />
    <ClCompile Include="Source\PhatSDK\Support\LandBlockExtendedData.cpp" />
    <ClCompile Include="Source\PhatSDK\Support\PhatDataBin.cpp" />
    <ClCompile Include="Source\PhatSDK\Support\RegionDescExtendedData.cpp" />
    <ClCompile Include="Source\PhatSDK\Support\SkillChecks.cpp" />
    <ClCompile Include="Source\PhatSDK\Support\SpellTableExtendedData.cpp" />
    <ClCompile Include="Source\PhatSDK\Support\TreasureTable.cpp" />
    <ClCompile Include="Source\PhatSDK\Support\WeenieDefaults.cpp" />
    <ClCompile Include="Source\PhatSDK\Support\WeenieSave.cpp" />
    <ClCompile Include="Source\PhatSDK\Surface.cpp" />
    <ClCompile Include="Source\PhatSDK\TargetManager.cpp" />
    <ClCompile Include="Source\PhatSDK\Texture.cpp" />
    <ClCompile Include="Source\PhatSDK\Transition.cpp" />
    <ClCompile Include="Source\PhatSDK\VendorProfile.cpp" />
    <ClCompile Include="Source\PhatSDK\Vertex.cpp" />
    <ClCompile Include="Source\PhatSDK\VitaeSystem.cpp" />
    <ClCompile Include="Source\PhatSDK\WClassID.cpp" />
    <ClCompile Include="Source\PhysicsObjCustom.cpp" />
    <ClCompile Include="Source\PKModifier.cpp" />
    <ClCompile Include="Source\Player.cpp" />
    <ClCompile Include="Source\Portal.cpp" />
    <ClCompile Include="Source\Precompiled.cpp" />
    <ClCompile Include="Source\PressurePlate.cpp" />
    <ClCompile Include="Source\Scroll.cpp" />
    <ClCompile Include="Source\Server.cpp" />
    <ClCompile Include="Source\ServerAPI.cpp" />
    <ClCompile Include="Source\ServerCellManager.cpp" />
    <ClCompile Include="Source\ServerObjectMaint.cpp" />
    <ClCompile Include="Source\SHA512.cpp" />
    <ClCompile Include="Source\SkillAlterationDevice.cpp" />
    <ClCompile Include="Source\SpellcastingManager.cpp" />
    <ClCompile Include="Source\SpellProjectile.cpp" />
    <ClCompile Include="Source\StatTracker.cpp" />
    <ClCompile Include="Source\Switch.cpp" />
    <ClCompile Include="Source\TownCrier.cpp" />
    <ClCompile Include="Source\TurbineCell.cpp" />
    <ClCompile Include="Source\TurbineData.cpp" />
    <ClCompile Include="Source\TurbineFile.cpp" />
    <ClCompile Include="Source\TurbineObject.cpp" />
    <ClCompile Include="Source\TurbinePortal.cpp" />
    <ClCompile Include="Source\UseManager.cpp" />
    <ClCompile Include="Source\Util.cpp" />
    <ClCompile Include="Source\Vendor.cpp" />
    <ClCompile Include="Source\WeenieFactory.cpp" />
    <ClCompile Include="Source\WeenieLandCoverage.cpp" />
    <ClCompile Include="Source\WeenieObject.cpp" />
    <ClCompile Include="Source\World.cpp" />
    <ClCompile Include="Source\WorldLandBlock.cpp" />
    <ClCompile Include="Source\TradeManager.cpp" />
    <ClCompile Include="Source\easylogging++.cpp" />
<<<<<<< HEAD
    <ClCompile Include="Source\RecipeFactory.cpp" />
=======
>>>>>>> 2f8bd4809d60af8a101e26b3a6461c9b99a8e0c7
  </ItemGroup>
  <ItemGroup>
    <ClInclude Include="Source\EnumUtil.h" />
    <ClInclude Include="Source\BindStone.h" />
    <ClInclude Include="Source\ManaStone.h" />
    <ClInclude Include="Source\PhatSDK\Support\CombatFormulas.h" />
    <ClInclude Include="Source\PhatSDK\Support\Random.h" />
    <ClInclude Include="Source\PhatSDK\Support\RandomRange.h" />
    <ClInclude Include="Source\TreasureFactory.h" />
    <ClInclude Include="Source\AllegianceManager.h" />
    <ClInclude Include="Source\Ammunition.h" />
    <ClInclude Include="Source\Animate.h" />
    <ClInclude Include="Source\AttackManager.h" />
    <ClInclude Include="Source\AttributeTransferDevice.h" />
    <ClInclude Include="Source\Book.h" />
    <ClInclude Include="Source\Caster.h" />
    <ClInclude Include="Source\Chest.h" />
    <ClInclude Include="Source\Clothing.h" />
    <ClInclude Include="Source\Container.h" />
    <ClInclude Include="Source\Corpse.h" />
    <ClInclude Include="Source\DatabaseIO.h" />
    <ClInclude Include="Source\EmoteManager.h" />
    <ClInclude Include="Source\GameEventManager.h" />
    <ClInclude Include="Source\Gem.h" />
    <ClInclude Include="Source\Healer.h" />
    <ClInclude Include="Source\House.h" />
    <ClInclude Include="Source\InferredCellData.h" />
    <ClInclude Include="Source\InferredPortalData.h" />
    <ClInclude Include="Source\FellowshipManager.h" />
    <ClInclude Include="Source\Food.h" />
    <ClInclude Include="Source\HotSpot.h" />
    <ClInclude Include="Source\Key.h" />
    <ClInclude Include="Source\Lockpick.h" />
    <ClInclude Include="Source\MeleeWeapon.h" />
    <ClInclude Include="Source\Missile.h" />
    <ClInclude Include="Source\MissileLauncher.h" />
    <ClInclude Include="Source\MonsterAI.h" />
    <ClInclude Include="Source\ObjectIDGen.h" />
    <ClInclude Include="Source\PhatSDK\ACCharGenData.h" />
    <ClInclude Include="Source\PhatSDK\ACCharGenResult.h" />
    <ClInclude Include="Source\PhatSDK\AllegianceProfile.h" />
    <ClInclude Include="Source\PhatSDK\Animation.h" />
    <ClInclude Include="Source\PhatSDK\AnimHooks.h" />
    <ClInclude Include="Source\PhatSDK\Appraisal.h" />
    <ClInclude Include="Source\PhatSDK\BSPData.h" />
    <ClInclude Include="Source\PhatSDK\BuildingObj.h" />
    <ClInclude Include="Source\PhatSDK\ChildList.h" />
    <ClInclude Include="Source\PhatSDK\ClothingTable.h" />
    <ClInclude Include="Source\PhatSDK\CombatSystem.h" />
    <ClInclude Include="Source\PhatSDK\Housing.h" />
    <ClInclude Include="Source\PhatSDK\MutationFilter.h" />
    <ClInclude Include="Source\PhatSDK\PlayerModule.h" />
    <ClInclude Include="Source\PhatSDK\QuestDefDB.h" />
    <ClInclude Include="Source\PhatSDK\DArray.h" />
    <ClInclude Include="Source\PhatSDK\DLListBase.h" />
    <ClInclude Include="Source\PhatSDK\GameEnums.h" />
    <ClInclude Include="Source\PhatSDK\EnvCell.h" />
    <ClInclude Include="Source\PhatSDK\Environment.h" />
    <ClInclude Include="Source\PhatSDK\ExperienceTable.h" />
    <ClInclude Include="Source\PhatSDK\Frame.h" />
    <ClInclude Include="Source\PhatSDK\GameSky.h" />
    <ClInclude Include="Source\PhatSDK\GameTime.h" />
    <ClInclude Include="Source\PhatSDK\GfxObj.h" />
    <ClInclude Include="Source\PhatSDK\HashData.h" />
    <ClInclude Include="Source\PhatSDK\LandBlock.h" />
    <ClInclude Include="Source\PhatSDK\LandBlockInfo.h" />
    <ClInclude Include="Source\PhatSDK\LandBlockStruct.h" />
    <ClInclude Include="Source\PhatSDK\LandCell.h" />
    <ClInclude Include="Source\PhatSDK\LandDefs.h" />
    <ClInclude Include="Source\PhatSDK\LandScape.h" />
    <ClInclude Include="Source\PhatSDK\LegacyPackObj.h" />
    <ClInclude Include="Source\PhatSDK\LegacyStubs.h" />
    <ClInclude Include="Source\PhatSDK\MagicSystem.h" />
    <ClInclude Include="Source\PhatSDK\Material.h" />
    <ClInclude Include="Source\PhatSDK\MathLib.h" />
    <ClInclude Include="Source\PhatSDK\MotionTable.h" />
    <ClInclude Include="Source\PhatSDK\Movement.h" />
    <ClInclude Include="Source\PhatSDK\MovementManager.h" />
    <ClInclude Include="Source\PhatSDK\ObjCache.h" />
    <ClInclude Include="Source\PhatSDK\ObjCell.h" />
    <ClInclude Include="Source\PhatSDK\ObjDesc.h" />
    <ClInclude Include="Source\PhatSDK\ObjectInventory.h" />
    <ClInclude Include="Source\PhatSDK\ObjectMaint.h" />
    <ClInclude Include="Source\PhatSDK\OldPublicWeenieDesc.h" />
    <ClInclude Include="Source\PhatSDK\Palette.h" />
    <ClInclude Include="Source\PhatSDK\PalSet.h" />
    <ClInclude Include="Source\PhatSDK\PartArray.h" />
    <ClInclude Include="Source\PhatSDK\PartCell.h" />
    <ClInclude Include="Source\PhatSDK\Particles.h" />
    <ClInclude Include="Source\PhatSDK\PhatSDK.h" />
    <ClInclude Include="Source\PhatSDK\PhatSDKSettings.h" />
    <ClInclude Include="Source\PhatSDK\Physics.h" />
    <ClInclude Include="Source\PhatSDK\PhysicsDesc.h" />
    <ClInclude Include="Source\PhatSDK\PhysicsObj.h" />
    <ClInclude Include="Source\PhatSDK\PhysicsPart.h" />
    <ClInclude Include="Source\PhatSDK\Polygon.h" />
    <ClInclude Include="Source\PhatSDK\PositionManager.h" />
    <ClInclude Include="Source\PhatSDK\PString.h" />
    <ClInclude Include="Source\PhatSDK\PublicWeenieDesc.h" />
    <ClInclude Include="Source\PhatSDK\Qualities.h" />
    <ClInclude Include="Source\PhatSDK\QualityFilter.h" />
    <ClInclude Include="Source\PhatSDK\QuestTable.h" />
    <ClInclude Include="Source\PhatSDK\RegionDesc.h" />
    <ClInclude Include="Source\PhatSDK\SArray.h" />
    <ClInclude Include="Source\PhatSDK\Scene.h" />
    <ClInclude Include="Source\PhatSDK\Scripts.h" />
    <ClInclude Include="Source\PhatSDK\Setup.h" />
    <ClInclude Include="Source\PhatSDK\SkillTable.h" />
    <ClInclude Include="Source\PhatSDK\SkyDesc.h" />
    <ClInclude Include="Source\PhatSDK\SmartArray.h" />
    <ClInclude Include="Source\PhatSDK\SmartBox.h" />
    <ClInclude Include="Source\PhatSDK\SortCell.h" />
    <ClInclude Include="Source\PhatSDK\SoundDesc.h" />
    <ClInclude Include="Source\PhatSDK\GameStatEnums.h" />
    <ClInclude Include="Source\PhatSDK\SpellComponentTable.h" />
    <ClInclude Include="Source\PhatSDK\SpellEnums.h" />
    <ClInclude Include="Source\PhatSDK\SpellTable.h" />
    <ClInclude Include="Source\PhatSDK\Support\BinaryReader.h" />
    <ClInclude Include="Source\PhatSDK\Support\BinaryWriter.h" />
    <ClInclude Include="Source\PhatSDK\Support\ClothingCache.h" />
    <ClInclude Include="Source\PhatSDK\Support\CraftTable.h" />
    <ClInclude Include="Source\PhatSDK\Support\DATDisk.h" />
    <ClInclude Include="Source\PhatSDK\Support\GameEventDefDB.h" />
    <ClInclude Include="Source\PhatSDK\Support\ISAAC.h" />
    <ClInclude Include="Source\PhatSDK\Support\Json.h" />
    <ClInclude Include="Source\PhatSDK\Support\LandBlockExtendedData.h" />
    <ClInclude Include="Source\PhatSDK\Support\Packable.h" />
    <ClInclude Include="Source\PhatSDK\Support\PackableJson.h" />
    <ClInclude Include="Source\PhatSDK\Support\PhatDataBin.h" />
    <ClInclude Include="Source\PhatSDK\Support\RegionDescExtendedData.h" />
    <ClInclude Include="Source\PhatSDK\Support\SkillChecks.h" />
    <ClInclude Include="Source\PhatSDK\Support\SpellTableExtendedData.h" />
    <ClInclude Include="Source\PhatSDK\Support\TreasureTable.h" />
    <ClInclude Include="Source\PhatSDK\Support\WeenieDefaults.h" />
    <ClInclude Include="Source\PhatSDK\Support\WeenieSave.h" />
    <ClInclude Include="Source\PhatSDK\Surface.h" />
    <ClInclude Include="Source\PhatSDK\TargetManager.h" />
    <ClInclude Include="Source\PhatSDK\Texture.h" />
    <ClInclude Include="Source\PhatSDK\Transition.h" />
    <ClInclude Include="Source\PhatSDK\VendorProfile.h" />
    <ClInclude Include="Source\PhatSDK\Vertex.h" />
    <ClInclude Include="Source\PhatSDK\VitaeSystem.h" />
    <ClInclude Include="Source\PhatSDK\WClassID.h" />
    <ClInclude Include="Source\PhatSDK\WeenieObjectStub.h" />
    <ClInclude Include="Source\PKModifier.h" />
    <ClInclude Include="Source\PressurePlate.h" />
    <ClInclude Include="Source\Scroll.h" />
    <ClInclude Include="Source\ServerAPI.h" />
    <ClInclude Include="Source\ServerCellManager.h" />
    <ClInclude Include="Source\ServerObjectMaint.h" />
    <ClInclude Include="Source\SkillAlterationDevice.h" />
    <ClInclude Include="Source\SpellcastingManager.h" />
    <ClInclude Include="Source\SpellProjectile.h" />
    <ClInclude Include="Source\AnimationPackage.h" />
    <ClInclude Include="Source\Config.h" />
    <ClInclude Include="Source\PacketCaptureCredits.h" />
    <ClInclude Include="Source\PhysicsObjCustom.h" />
    <ClInclude Include="Source\Database2.h" />
    <ClInclude Include="Source\GameMode.h" />
    <ClInclude Include="Source\Lifestone.h" />
    <ClInclude Include="Source\Logging.h" />
    <ClInclude Include="Source\NetworkDefs.h" />
    <ClInclude Include="Source\PhysicsDesc.h" />
    <ClInclude Include="Source\Client.h" />
    <ClInclude Include="Source\ClientCommands.h" />
    <ClInclude Include="Source\ClientEvents.h" />
    <ClInclude Include="Source\Common.h" />
    <ClInclude Include="Source\ChatMsgs.h" />
    <ClInclude Include="Source\crc.h" />
    <ClInclude Include="Source\crcwheel.h" />
    <ClInclude Include="Source\Database.h" />
    <ClInclude Include="Source\Door.h" />
    <ClInclude Include="Source\FragStack.h" />
    <ClInclude Include="Source\Globals.h" />
    <ClInclude Include="Source\Killable.h" />
    <ClInclude Include="Source\Monster.h" />
    <ClInclude Include="Source\Moves.h" />
    <ClInclude Include="Source\Network.h" />
    <ClInclude Include="Source\ObjectMsgs.h" />
    <ClInclude Include="Source\PacketController.h" />
    <ClInclude Include="Source\Player.h" />
    <ClInclude Include="Source\Portal.h" />
    <ClInclude Include="Resource\resource.h" />
    <ClInclude Include="Source\Server.h" />
    <ClInclude Include="Source\SHA512.h" />
    <ClInclude Include="Source\StatTracker.h" />
    <ClInclude Include="Source\StdAfx.h" />
    <ClInclude Include="Source\Switch.h" />
    <ClInclude Include="Source\TownCrier.h" />
    <ClInclude Include="Source\TurbineCell.h" />
    <ClInclude Include="Source\TurbineData.h" />
    <ClInclude Include="Source\TurbineFile.h" />
    <ClInclude Include="Source\TurbineFormats.h" />
    <ClInclude Include="Source\TurbineObject.h" />
    <ClInclude Include="Source\TurbinePortal.h" />
    <ClInclude Include="Source\UseManager.h" />
    <ClInclude Include="Source\Util.h" />
    <ClInclude Include="Source\Vendor.h" />
    <ClInclude Include="Source\WeenieFactory.h" />
    <ClInclude Include="Source\WeenieLandCoverage.h" />
    <ClInclude Include="Source\WeenieObject.h" />
    <ClInclude Include="Source\World.h" />
    <ClInclude Include="Source\WorldLandBlock.h" />
    <ClInclude Include="Lib\zlib\zconf.h" />
    <ClInclude Include="Lib\zlib\zlib.h" />
    <ClInclude Include="Source\TradeManager.h" />
<<<<<<< HEAD
    <ClInclude Include="Source\easylogging++.h" />
    <ClInclude Include="Source\RecipeFactory.h" />
=======
    <ClInclude Include="..\..\..\..\..\Downloads\gdlenhanced-AdminDBtool\Source\easylogging++.h" />
    <ClInclude Include="Source\easylogging++.h" />
>>>>>>> 2f8bd4809d60af8a101e26b3a6461c9b99a8e0c7
=======
    <Filter Include="Source Files">
      <UniqueIdentifier>{4FC737F1-C7A5-4376-A066-2A32D752A2FF}</UniqueIdentifier>
      <Extensions>cpp;c;cxx;def;odl;idl;hpj;bat;asm;asmx</Extensions>
    </Filter>
    <Filter Include="Source Files\Network">
      <UniqueIdentifier>{5a67bb75-3f37-4cc8-8c08-84ec2886d281}</UniqueIdentifier>
    </Filter>
    <Filter Include="Source Files\Client">
      <UniqueIdentifier>{79bcf0ec-fa80-477e-ba72-e510508f22b2}</UniqueIdentifier>
    </Filter>
    <Filter Include="Source Files\World">
      <UniqueIdentifier>{b842ab99-73aa-425f-b097-6dee7ce94fad}</UniqueIdentifier>
    </Filter>
    <Filter Include="Source Files\Objects">
      <UniqueIdentifier>{63c8bc12-9e24-448d-8ce8-71aab4e757d4}</UniqueIdentifier>
    </Filter>
    <Filter Include="Source Files\Object Capabilities">
      <UniqueIdentifier>{0d8e9324-e844-4a74-9ab3-5449d027f067}</UniqueIdentifier>
    </Filter>
    <Filter Include="Source Files\ZLib">
      <UniqueIdentifier>{e759c91a-cce8-41f9-b940-43fa1d6eaba4}</UniqueIdentifier>
    </Filter>
    <Filter Include="Source Files\Database">
      <UniqueIdentifier>{4e34f860-5a55-43f9-9f84-da5ba16dfe4d}</UniqueIdentifier>
    </Filter>
    <Filter Include="Header Files">
      <UniqueIdentifier>{93995380-89BD-4b04-88EB-625FBE52EBFB}</UniqueIdentifier>
      <Extensions>h;hpp;hxx;hm;inl;inc;xsd</Extensions>
    </Filter>
    <Filter Include="Resource Files">
      <UniqueIdentifier>{67DA6AB6-F800-4c08-8B7A-83BB121AAD01}</UniqueIdentifier>
      <Extensions>rc;ico;cur;bmp;dlg;rc2;rct;bin;rgs;gif;jpg;jpeg;jpe;resx</Extensions>
    </Filter>
    <Filter Include="Source Files\Old Turbine Data Code %28To be replaced%29">
      <UniqueIdentifier>{64ec52ac-7a51-4ab2-b9ea-61deb90880c9}</UniqueIdentifier>
    </Filter>
    <Filter Include="Source Files\Data">
      <UniqueIdentifier>{dce358c1-7c09-4078-995d-298fa0f5ced3}</UniqueIdentifier>
    </Filter>
    <Filter Include="Source Files\Objects\Weenie Types">
      <UniqueIdentifier>{f73082e1-82df-40aa-b738-67865d777b12}</UniqueIdentifier>
    </Filter>
    <Filter Include="Header Files\PhatSDK">
      <UniqueIdentifier>{26d8a46b-f8dd-4654-bb55-8b525a914514}</UniqueIdentifier>
    </Filter>
    <Filter Include="Header Files\PhatSDK\Support">
      <UniqueIdentifier>{32688d61-7962-44a4-b5cd-590ab449c380}</UniqueIdentifier>
    </Filter>
    <Filter Include="Header Files\PhatSDK\Support\Random">
      <UniqueIdentifier>{3824ef06-3648-4292-b40c-6d5bc8e074fb}</UniqueIdentifier>
    </Filter>
  </ItemGroup>
  <ItemGroup>
    <ClCompile Include="Source\PhatAC.cpp">
      <Filter>Source Files</Filter>
    </ClCompile>
    <ClCompile Include="Source\crc.cpp">
      <Filter>Source Files\Network</Filter>
    </ClCompile>
    <ClCompile Include="Source\crcwheel.cpp">
      <Filter>Source Files\Network</Filter>
    </ClCompile>
    <ClCompile Include="Source\TurbineCell.cpp">
      <Filter>Source Files\Old Turbine Data Code %28To be replaced%29</Filter>
    </ClCompile>
    <ClCompile Include="Source\TurbineData.cpp">
      <Filter>Source Files\Old Turbine Data Code %28To be replaced%29</Filter>
    </ClCompile>
    <ClCompile Include="Source\TurbineFile.cpp">
      <Filter>Source Files\Old Turbine Data Code %28To be replaced%29</Filter>
    </ClCompile>
    <ClCompile Include="Source\TurbineObject.cpp">
      <Filter>Source Files\Old Turbine Data Code %28To be replaced%29</Filter>
    </ClCompile>
    <ClCompile Include="Source\TurbinePortal.cpp">
      <Filter>Source Files\Old Turbine Data Code %28To be replaced%29</Filter>
    </ClCompile>
    <ClCompile Include="Source\Client.cpp">
      <Filter>Source Files\Client</Filter>
    </ClCompile>
    <ClCompile Include="Source\ClientCommands.cpp">
      <Filter>Source Files\Client</Filter>
    </ClCompile>
    <ClCompile Include="Source\ClientEvents.cpp">
      <Filter>Source Files\Client</Filter>
    </ClCompile>
    <ClCompile Include="Source\Database.cpp">
      <Filter>Source Files\Database</Filter>
    </ClCompile>
    <ClCompile Include="Source\FragStack.cpp">
      <Filter>Source Files\Network</Filter>
    </ClCompile>
    <ClCompile Include="Source\Network.cpp">
      <Filter>Source Files\Network</Filter>
    </ClCompile>
    <ClCompile Include="Source\PacketController.cpp">
      <Filter>Source Files\Network</Filter>
    </ClCompile>
    <ClCompile Include="Source\ObjectMsgs.cpp">
      <Filter>Source Files\Objects</Filter>
    </ClCompile>
    <ClCompile Include="Source\Animate.cpp">
      <Filter>Source Files\Object Capabilities</Filter>
    </ClCompile>
    <ClCompile Include="Source\Moves.cpp">
      <Filter>Source Files\Object Capabilities</Filter>
    </ClCompile>
    <ClCompile Include="Source\World.cpp">
      <Filter>Source Files\World</Filter>
    </ClCompile>
    <ClCompile Include="Source\Globals.cpp">
      <Filter>Source Files</Filter>
    </ClCompile>
    <ClCompile Include="Source\Precompiled.cpp">
      <Filter>Source Files</Filter>
    </ClCompile>
    <ClCompile Include="Source\Server.cpp">
      <Filter>Source Files</Filter>
    </ClCompile>
    <ClCompile Include="Source\Util.cpp">
      <Filter>Source Files</Filter>
    </ClCompile>
    <ClCompile Include="Source\Logging.cpp">
      <Filter>Source Files</Filter>
    </ClCompile>
    <ClCompile Include="Source\GameMode.cpp">
      <Filter>Source Files\World</Filter>
    </ClCompile>
    <ClCompile Include="Source\SHA512.cpp">
      <Filter>Source Files</Filter>
    </ClCompile>
    <ClCompile Include="Source\WeenieObject.cpp">
      <Filter>Source Files\Objects</Filter>
    </ClCompile>
    <ClCompile Include="Source\WorldLandBlock.cpp">
      <Filter>Source Files\World</Filter>
    </ClCompile>
    <ClCompile Include="Source\Config.cpp">
      <Filter>Source Files</Filter>
    </ClCompile>
    <ClCompile Include="Source\PhysicsObjCustom.cpp">
      <Filter>Source Files\Objects</Filter>
    </ClCompile>
    <ClCompile Include="Source\ObjectIDGen.cpp">
      <Filter>Source Files\World</Filter>
    </ClCompile>
    <ClCompile Include="Source\ServerObjectMaint.cpp">
      <Filter>Source Files\World</Filter>
    </ClCompile>
    <ClCompile Include="Source\ServerCellManager.cpp">
      <Filter>Source Files\World</Filter>
    </ClCompile>
    <ClCompile Include="Source\PhatSDK\Animation.cpp">
      <Filter>Header Files\PhatSDK</Filter>
    </ClCompile>
    <ClCompile Include="Source\PhatSDK\AnimHooks.cpp">
      <Filter>Header Files\PhatSDK</Filter>
    </ClCompile>
    <ClCompile Include="Source\PhatSDK\BSPData.cpp">
      <Filter>Header Files\PhatSDK</Filter>
    </ClCompile>
    <ClCompile Include="Source\PhatSDK\ChildList.cpp">
      <Filter>Header Files\PhatSDK</Filter>
    </ClCompile>
    <ClCompile Include="Source\PhatSDK\ClothingTable.cpp">
      <Filter>Header Files\PhatSDK</Filter>
    </ClCompile>
    <ClCompile Include="Source\PhatSDK\EnvCell.cpp">
      <Filter>Header Files\PhatSDK</Filter>
    </ClCompile>
    <ClCompile Include="Source\PhatSDK\Environment.cpp">
      <Filter>Header Files\PhatSDK</Filter>
    </ClCompile>
    <ClCompile Include="Source\PhatSDK\ExperienceTable.cpp">
      <Filter>Header Files\PhatSDK</Filter>
    </ClCompile>
    <ClCompile Include="Source\PhatSDK\Frame.cpp">
      <Filter>Header Files\PhatSDK</Filter>
    </ClCompile>
    <ClCompile Include="Source\PhatSDK\GameTime.cpp">
      <Filter>Header Files\PhatSDK</Filter>
    </ClCompile>
    <ClCompile Include="Source\PhatSDK\GfxObj.cpp">
      <Filter>Header Files\PhatSDK</Filter>
    </ClCompile>
    <ClCompile Include="Source\PhatSDK\LandBlock.cpp">
      <Filter>Header Files\PhatSDK</Filter>
    </ClCompile>
    <ClCompile Include="Source\PhatSDK\LandBlockInfo.cpp">
      <Filter>Header Files\PhatSDK</Filter>
    </ClCompile>
    <ClCompile Include="Source\PhatSDK\LandBlockStruct.cpp">
      <Filter>Header Files\PhatSDK</Filter>
    </ClCompile>
    <ClCompile Include="Source\PhatSDK\LandCell.cpp">
      <Filter>Header Files\PhatSDK</Filter>
    </ClCompile>
    <ClCompile Include="Source\PhatSDK\LandDefs.cpp">
      <Filter>Header Files\PhatSDK</Filter>
    </ClCompile>
    <ClCompile Include="Source\PhatSDK\LandScape.cpp">
      <Filter>Header Files\PhatSDK</Filter>
    </ClCompile>
    <ClCompile Include="Source\PhatSDK\LegacyPackObj.cpp">
      <Filter>Header Files\PhatSDK</Filter>
    </ClCompile>
    <ClCompile Include="Source\PhatSDK\LegacyStubs.cpp">
      <Filter>Header Files\PhatSDK</Filter>
    </ClCompile>
    <ClCompile Include="Source\PhatSDK\MathLib.cpp">
      <Filter>Header Files\PhatSDK</Filter>
    </ClCompile>
    <ClCompile Include="Source\PhatSDK\MotionTable.cpp">
      <Filter>Header Files\PhatSDK</Filter>
    </ClCompile>
    <ClCompile Include="Source\PhatSDK\Movement.cpp">
      <Filter>Header Files\PhatSDK</Filter>
    </ClCompile>
    <ClCompile Include="Source\PhatSDK\MovementManager.cpp">
      <Filter>Header Files\PhatSDK</Filter>
    </ClCompile>
    <ClCompile Include="Source\PhatSDK\ObjCache.cpp">
      <Filter>Header Files\PhatSDK</Filter>
    </ClCompile>
    <ClCompile Include="Source\PhatSDK\ObjCell.cpp">
      <Filter>Header Files\PhatSDK</Filter>
    </ClCompile>
    <ClCompile Include="Source\PhatSDK\ObjDesc.cpp">
      <Filter>Header Files\PhatSDK</Filter>
    </ClCompile>
    <ClCompile Include="Source\PhatSDK\ObjectMaint.cpp">
      <Filter>Header Files\PhatSDK</Filter>
    </ClCompile>
    <ClCompile Include="Source\PhatSDK\Palette.cpp">
      <Filter>Header Files\PhatSDK</Filter>
    </ClCompile>
    <ClCompile Include="Source\PhatSDK\PalSet.cpp">
      <Filter>Header Files\PhatSDK</Filter>
    </ClCompile>
    <ClCompile Include="Source\PhatSDK\PartArray.cpp">
      <Filter>Header Files\PhatSDK</Filter>
    </ClCompile>
    <ClCompile Include="Source\PhatSDK\PartCell.cpp">
      <Filter>Header Files\PhatSDK</Filter>
    </ClCompile>
    <ClCompile Include="Source\PhatSDK\Physics.cpp">
      <Filter>Header Files\PhatSDK</Filter>
    </ClCompile>
    <ClCompile Include="Source\PhatSDK\PhysicsObj.cpp">
      <Filter>Header Files\PhatSDK</Filter>
    </ClCompile>
    <ClCompile Include="Source\PhatSDK\PhysicsPart.cpp">
      <Filter>Header Files\PhatSDK</Filter>
    </ClCompile>
    <ClCompile Include="Source\PhatSDK\Polygon.cpp">
      <Filter>Header Files\PhatSDK</Filter>
    </ClCompile>
    <ClCompile Include="Source\PhatSDK\PString.cpp">
      <Filter>Header Files\PhatSDK</Filter>
    </ClCompile>
    <ClCompile Include="Source\PhatSDK\Qualities.cpp">
      <Filter>Header Files\PhatSDK</Filter>
    </ClCompile>
    <ClCompile Include="Source\PhatSDK\RegionDesc.cpp">
      <Filter>Header Files\PhatSDK</Filter>
    </ClCompile>
    <ClCompile Include="Source\PhatSDK\Scripts.cpp">
      <Filter>Header Files\PhatSDK</Filter>
    </ClCompile>
    <ClCompile Include="Source\PhatSDK\Setup.cpp">
      <Filter>Header Files\PhatSDK</Filter>
    </ClCompile>
    <ClCompile Include="Source\PhatSDK\SkillTable.cpp">
      <Filter>Header Files\PhatSDK</Filter>
    </ClCompile>
    <ClCompile Include="Source\PhatSDK\SkyDesc.cpp">
      <Filter>Header Files\PhatSDK</Filter>
    </ClCompile>
    <ClCompile Include="Source\PhatSDK\SortCell.cpp">
      <Filter>Header Files\PhatSDK</Filter>
    </ClCompile>
    <ClCompile Include="Source\PhatSDK\SoundDesc.cpp">
      <Filter>Header Files\PhatSDK</Filter>
    </ClCompile>
    <ClCompile Include="Source\PhatSDK\Surface.cpp">
      <Filter>Header Files\PhatSDK</Filter>
    </ClCompile>
    <ClCompile Include="Source\PhatSDK\Texture.cpp">
      <Filter>Header Files\PhatSDK</Filter>
    </ClCompile>
    <ClCompile Include="Source\PhatSDK\Transition.cpp">
      <Filter>Header Files\PhatSDK</Filter>
    </ClCompile>
    <ClCompile Include="Source\PhatSDK\Vertex.cpp">
      <Filter>Header Files\PhatSDK</Filter>
    </ClCompile>
    <ClCompile Include="Source\PhatSDK\Support\BinaryReader.cpp">
      <Filter>Header Files\PhatSDK\Support</Filter>
    </ClCompile>
    <ClCompile Include="Source\PhatSDK\Support\BinaryWriter.cpp">
      <Filter>Header Files\PhatSDK\Support</Filter>
    </ClCompile>
    <ClCompile Include="Source\PhatSDK\Support\DATDisk.cpp">
      <Filter>Header Files\PhatSDK\Support</Filter>
    </ClCompile>
    <ClCompile Include="Source\PhatSDK\PhatSDK.cpp">
      <Filter>Header Files\PhatSDK</Filter>
    </ClCompile>
    <ClCompile Include="Source\PhatSDKImpl.cpp">
      <Filter>Source Files</Filter>
    </ClCompile>
    <ClCompile Include="Source\PhatSDK\GameSky.cpp">
      <Filter>Header Files\PhatSDK</Filter>
    </ClCompile>
    <ClCompile Include="Source\PhatSDK\Particles.cpp">
      <Filter>Header Files\PhatSDK</Filter>
    </ClCompile>
    <ClCompile Include="Source\PhatSDK\Material.cpp">
      <Filter>Header Files\PhatSDK</Filter>
    </ClCompile>
    <ClCompile Include="Source\PhatSDK\PositionManager.cpp">
      <Filter>Header Files\PhatSDK</Filter>
    </ClCompile>
    <ClCompile Include="Source\PhatSDK\SmartBox.cpp">
      <Filter>Header Files\PhatSDK</Filter>
    </ClCompile>
    <ClCompile Include="Source\PhatSDK\TargetManager.cpp">
      <Filter>Header Files\PhatSDK</Filter>
    </ClCompile>
    <ClCompile Include="Source\PhatSDK\Scene.cpp">
      <Filter>Header Files\PhatSDK</Filter>
    </ClCompile>
    <ClCompile Include="Source\SpellcastingManager.cpp">
      <Filter>Source Files\Object Capabilities</Filter>
    </ClCompile>
    <ClCompile Include="Source\MonsterAI.cpp">
      <Filter>Source Files\Object Capabilities</Filter>
    </ClCompile>
    <ClCompile Include="Source\ChatMsgs.cpp">
      <Filter>Source Files\Object Capabilities</Filter>
    </ClCompile>
    <ClCompile Include="Source\PhatSDK\SpellTable.cpp">
      <Filter>Header Files\PhatSDK</Filter>
    </ClCompile>
    <ClCompile Include="Source\PhatSDK\MagicSystem.cpp">
      <Filter>Header Files\PhatSDK</Filter>
    </ClCompile>
    <ClCompile Include="Source\PhatSDK\Support\WeenieDefaults.cpp">
      <Filter>Header Files\PhatSDK\Support</Filter>
    </ClCompile>
    <ClCompile Include="Source\PhatSDK\SpellComponentTable.cpp">
      <Filter>Header Files\PhatSDK</Filter>
    </ClCompile>
    <ClCompile Include="Source\PhatSDK\BuildingObj.cpp">
      <Filter>Header Files\PhatSDK</Filter>
    </ClCompile>
    <ClCompile Include="Source\PhatSDK\Appraisal.cpp">
      <Filter>Header Files\PhatSDK</Filter>
    </ClCompile>
    <ClCompile Include="Source\Door.cpp">
      <Filter>Source Files\Objects\Weenie Types</Filter>
    </ClCompile>
    <ClCompile Include="Source\Lifestone.cpp">
      <Filter>Source Files\Objects\Weenie Types</Filter>
    </ClCompile>
    <ClCompile Include="Source\SpellProjectile.cpp">
      <Filter>Source Files\Objects\Weenie Types</Filter>
    </ClCompile>
    <ClCompile Include="Source\Portal.cpp">
      <Filter>Source Files\Objects\Weenie Types</Filter>
    </ClCompile>
    <ClCompile Include="Source\Player.cpp">
      <Filter>Source Files\Objects\Weenie Types</Filter>
    </ClCompile>
    <ClCompile Include="Source\Monster.cpp">
      <Filter>Source Files\Objects\Weenie Types</Filter>
    </ClCompile>
    <ClCompile Include="Source\TownCrier.cpp">
      <Filter>Source Files\Objects\Weenie Types</Filter>
    </ClCompile>
    <ClCompile Include="Source\Vendor.cpp">
      <Filter>Source Files\Objects\Weenie Types</Filter>
    </ClCompile>
    <ClCompile Include="Source\PhatSDK\OldPublicWeenieDesc.cpp">
      <Filter>Header Files\PhatSDK</Filter>
    </ClCompile>
    <ClCompile Include="Source\PhatSDK\PublicWeenieDesc.cpp">
      <Filter>Header Files\PhatSDK</Filter>
    </ClCompile>
    <ClCompile Include="Source\PhatSDK\VendorProfile.cpp">
      <Filter>Header Files\PhatSDK</Filter>
    </ClCompile>
    <ClCompile Include="Source\WeenieFactory.cpp">
      <Filter>Source Files\Objects</Filter>
    </ClCompile>
    <ClCompile Include="Source\WeenieLandCoverage.cpp">
      <Filter>Source Files\World</Filter>
    </ClCompile>
    <ClCompile Include="Source\DatabaseIO.cpp">
      <Filter>Source Files\Database</Filter>
    </ClCompile>
    <ClCompile Include="Source\Database2.cpp">
      <Filter>Source Files\Database</Filter>
    </ClCompile>
    <ClCompile Include="Source\PhatSDK\Support\WeenieSave.cpp">
      <Filter>Header Files\PhatSDK\Support</Filter>
    </ClCompile>
    <ClCompile Include="Source\PhatSDK\ObjectInventory.cpp">
      <Filter>Header Files\PhatSDK</Filter>
    </ClCompile>
    <ClCompile Include="Source\PhatSDK\Support\ClothingCache.cpp">
      <Filter>Header Files\PhatSDK\Support</Filter>
    </ClCompile>
    <ClCompile Include="Source\PhatSDK\ACCharGenResult.cpp">
      <Filter>Header Files\PhatSDK</Filter>
    </ClCompile>
    <ClCompile Include="Source\PhatSDK\ACCharGenData.cpp">
      <Filter>Header Files\PhatSDK</Filter>
    </ClCompile>
    <ClCompile Include="Source\PhatSDK\Support\LandBlockExtendedData.cpp">
      <Filter>Header Files\PhatSDK\Support</Filter>
    </ClCompile>
    <ClCompile Include="Source\Switch.cpp">
      <Filter>Source Files\Objects\Weenie Types</Filter>
    </ClCompile>
    <ClCompile Include="Source\HotSpot.cpp">
      <Filter>Source Files\Objects\Weenie Types</Filter>
    </ClCompile>
    <ClCompile Include="Source\PressurePlate.cpp">
      <Filter>Source Files\Objects\Weenie Types</Filter>
    </ClCompile>
    <ClCompile Include="Source\PhatSDK\Support\RegionDescExtendedData.cpp">
      <Filter>Header Files\PhatSDK\Support</Filter>
    </ClCompile>
    <ClCompile Include="Source\PhatSDK\WClassID.cpp">
      <Filter>Header Files\PhatSDK</Filter>
    </ClCompile>
    <ClCompile Include="Source\Book.cpp">
      <Filter>Source Files\Objects\Weenie Types</Filter>
    </ClCompile>
    <ClCompile Include="Source\Food.cpp">
      <Filter>Source Files\Objects\Weenie Types</Filter>
    </ClCompile>
    <ClCompile Include="Source\PhatSDK\CombatSystem.cpp">
      <Filter>Header Files\PhatSDK</Filter>
    </ClCompile>
    <ClCompile Include="Source\FellowshipManager.cpp">
      <Filter>Source Files\World</Filter>
    </ClCompile>
    <ClCompile Include="Source\AllegianceManager.cpp">
      <Filter>Source Files\World</Filter>
    </ClCompile>
    <ClCompile Include="Source\PhatSDK\AllegianceProfile.cpp">
      <Filter>Header Files\PhatSDK</Filter>
    </ClCompile>
    <ClCompile Include="Source\InferredCellData.cpp">
      <Filter>Source Files\Data</Filter>
    </ClCompile>
    <ClCompile Include="Source\InferredPortalData.cpp">
      <Filter>Source Files\Data</Filter>
    </ClCompile>
    <ClCompile Include="Source\PhatSDK\Support\SpellTableExtendedData.cpp">
      <Filter>Header Files\PhatSDK\Support</Filter>
    </ClCompile>
    <ClCompile Include="Source\PhatSDK\QualityFilter.cpp">
      <Filter>Header Files\PhatSDK</Filter>
    </ClCompile>
    <ClCompile Include="Source\PhatSDK\Support\TreasureTable.cpp">
      <Filter>Header Files\PhatSDK\Support</Filter>
    </ClCompile>
    <ClCompile Include="Source\EmoteManager.cpp">
      <Filter>Source Files\Object Capabilities</Filter>
    </ClCompile>
    <ClCompile Include="Source\Container.cpp">
      <Filter>Source Files\Objects\Weenie Types</Filter>
    </ClCompile>
    <ClCompile Include="Source\Caster.cpp">
      <Filter>Source Files\Objects\Weenie Types</Filter>
    </ClCompile>
    <ClCompile Include="Source\Clothing.cpp">
      <Filter>Source Files\Objects\Weenie Types</Filter>
    </ClCompile>
    <ClCompile Include="Source\PhatSDK\QuestDefDB.cpp">
      <Filter>Header Files\PhatSDK</Filter>
    </ClCompile>
    <ClCompile Include="Source\Corpse.cpp">
      <Filter>Source Files\Objects\Weenie Types</Filter>
    </ClCompile>
    <ClCompile Include="Source\PhatSDK\Support\CraftTable.cpp">
      <Filter>Header Files\PhatSDK\Support</Filter>
    </ClCompile>
    <ClCompile Include="Source\Healer.cpp">
      <Filter>Source Files\Objects\Weenie Types</Filter>
    </ClCompile>
    <ClCompile Include="Source\PhatSDK\Support\SkillChecks.cpp">
      <Filter>Header Files\PhatSDK\Support</Filter>
    </ClCompile>
    <ClCompile Include="Source\Missile.cpp">
      <Filter>Source Files\Objects\Weenie Types</Filter>
    </ClCompile>
    <ClCompile Include="Source\PhatSDK\PlayerModule.cpp">
      <Filter>Header Files\PhatSDK</Filter>
    </ClCompile>
    <ClCompile Include="Source\ServerAPI.cpp">
      <Filter>Source Files</Filter>
    </ClCompile>
    <ClCompile Include="Source\UseManager.cpp">
      <Filter>Source Files\Object Capabilities</Filter>
    </ClCompile>
    <ClCompile Include="Source\House.cpp">
      <Filter>Source Files\Objects\Weenie Types</Filter>
    </ClCompile>
    <ClCompile Include="Source\PhatSDK\Housing.cpp">
      <Filter>Header Files\PhatSDK</Filter>
    </ClCompile>
    <ClCompile Include="Source\AttackManager.cpp">
      <Filter>Source Files\Object Capabilities</Filter>
    </ClCompile>
    <ClCompile Include="Source\StatTracker.cpp">
      <Filter>Source Files</Filter>
    </ClCompile>
    <ClCompile Include="Source\Scroll.cpp">
      <Filter>Source Files\Objects\Weenie Types</Filter>
    </ClCompile>
    <ClCompile Include="Source\MeleeWeapon.cpp">
      <Filter>Source Files\Objects\Weenie Types</Filter>
    </ClCompile>
    <ClCompile Include="Source\Chest.cpp">
      <Filter>Source Files\Objects\Weenie Types</Filter>
    </ClCompile>
    <ClCompile Include="Source\PhatSDK\Support\PhatDataBin.cpp">
      <Filter>Header Files\PhatSDK\Support</Filter>
    </ClCompile>
    <ClCompile Include="Source\PhatSDK\QuestTable.cpp">
      <Filter>Header Files\PhatSDK</Filter>
    </ClCompile>
    <ClCompile Include="Source\Key.cpp">
      <Filter>Source Files\Objects\Weenie Types</Filter>
    </ClCompile>
    <ClCompile Include="Source\Lockpick.cpp">
      <Filter>Source Files\Objects\Weenie Types</Filter>
    </ClCompile>
    <ClCompile Include="Source\Gem.cpp">
      <Filter>Source Files\Objects\Weenie Types</Filter>
    </ClCompile>
    <ClCompile Include="Source\PKModifier.cpp">
      <Filter>Source Files\Objects\Weenie Types</Filter>
    </ClCompile>
    <ClCompile Include="Source\MissileLauncher.cpp">
      <Filter>Source Files\Objects\Weenie Types</Filter>
    </ClCompile>
    <ClCompile Include="Source\Ammunition.cpp">
      <Filter>Source Files\Objects\Weenie Types</Filter>
    </ClCompile>
    <ClCompile Include="Source\PhatSDK\VitaeSystem.cpp">
      <Filter>Header Files\PhatSDK</Filter>
    </ClCompile>
    <ClCompile Include="Source\PhatSDK\MutationFilter.cpp">
      <Filter>Header Files\PhatSDK</Filter>
    </ClCompile>
    <ClCompile Include="Source\AttributeTransferDevice.cpp">
      <Filter>Source Files\Objects\Weenie Types</Filter>
    </ClCompile>
    <ClCompile Include="Source\SkillAlterationDevice.cpp">
      <Filter>Source Files\Objects\Weenie Types</Filter>
    </ClCompile>
    <ClCompile Include="Source\GameEventManager.cpp">
      <Filter>Source Files\World</Filter>
    </ClCompile>
    <ClCompile Include="Source\PhatSDK\Support\GameEventDefDB.cpp">
      <Filter>Header Files\PhatSDK\Support</Filter>
    </ClCompile>
    <ClCompile Include="Source\PhatSDK\Support\CombatFormulas.cpp">
      <Filter>Source Files</Filter>
    </ClCompile>
    <ClCompile Include="Source\PhatSDK\Support\Random.cpp">
      <Filter>Header Files\PhatSDK\Support\Random</Filter>
    </ClCompile>
    <ClCompile Include="Source\PhatSDK\Support\RandomRange.cpp">
      <Filter>Header Files\PhatSDK\Support\Random</Filter>
    </ClCompile>
    <ClCompile Include="Source\TreasureFactory.cpp">
      <Filter>Source Files\Objects</Filter>
    </ClCompile>
    <ClCompile Include="Source\BindStone.cpp">
      <Filter>Source Files\Objects\Weenie Types</Filter>
    </ClCompile>
    <ClCompile Include="Source\ManaStone.cpp">
      <Filter>Source Files\Objects\Weenie Types</Filter>
	</ClCompile>
	<ClCompile Include="Source\TradeManager.cpp">
	  <Filter>Source Files\Object Capabilities</Filter>
	</ClCompile>
	<ClCompile Include="Source\EnumUtil.cpp">
	  <Filter>Source Files</Filter>
    </ClCompile>
>>>>>>> parent of 9df554b... Merged in GDLE !movetome cmd and GDLE Recipe tools, also added new Launcher ICON created by Hotdog
  </ItemGroup>
  <ItemGroup>
    <ClInclude Include="Source\crcwheel.h">
      <Filter>Source Files\Network</Filter>
    </ClInclude>
    <ClInclude Include="Source\TurbineCell.h">
      <Filter>Source Files\Old Turbine Data Code %28To be replaced%29</Filter>
    </ClInclude>
    <ClInclude Include="Source\TurbineData.h">
      <Filter>Source Files\Old Turbine Data Code %28To be replaced%29</Filter>
    </ClInclude>
    <ClInclude Include="Source\TurbineFile.h">
      <Filter>Source Files\Old Turbine Data Code %28To be replaced%29</Filter>
    </ClInclude>
    <ClInclude Include="Source\TurbineFormats.h">
      <Filter>Source Files\Old Turbine Data Code %28To be replaced%29</Filter>
    </ClInclude>
    <ClInclude Include="Source\TurbineObject.h">
      <Filter>Source Files\Old Turbine Data Code %28To be replaced%29</Filter>
    </ClInclude>
    <ClInclude Include="Source\TurbinePortal.h">
      <Filter>Source Files\Old Turbine Data Code %28To be replaced%29</Filter>
    </ClInclude>
    <ClInclude Include="Source\StdAfx.h">
      <Filter>Header Files</Filter>
    </ClInclude>
    <ClInclude Include="Source\crc.h">
      <Filter>Source Files\Network</Filter>
    </ClInclude>
    <ClInclude Include="Source\Common.h">
      <Filter>Header Files</Filter>
    </ClInclude>
    <ClInclude Include="Source\Killable.h">
      <Filter>Header Files</Filter>
    </ClInclude>
    <ClInclude Include="Source\Client.h">
      <Filter>Source Files\Client</Filter>
    </ClInclude>
    <ClInclude Include="Source\ClientCommands.h">
      <Filter>Source Files\Client</Filter>
    </ClInclude>
    <ClInclude Include="Source\ClientEvents.h">
      <Filter>Source Files\Client</Filter>
    </ClInclude>
    <ClInclude Include="Source\Database.h">
      <Filter>Source Files\Database</Filter>
    </ClInclude>
    <ClInclude Include="Source\FragStack.h">
      <Filter>Source Files\Network</Filter>
    </ClInclude>
    <ClInclude Include="Source\Network.h">
      <Filter>Source Files\Network</Filter>
    </ClInclude>
    <ClInclude Include="Source\PacketController.h">
      <Filter>Source Files\Network</Filter>
    </ClInclude>
    <ClInclude Include="Source\ObjectMsgs.h">
      <Filter>Source Files\Objects</Filter>
    </ClInclude>
    <ClInclude Include="Source\Animate.h">
      <Filter>Source Files\Object Capabilities</Filter>
    </ClInclude>
    <ClInclude Include="Source\AnimationPackage.h">
      <Filter>Source Files\Object Capabilities</Filter>
    </ClInclude>
    <ClInclude Include="Source\Moves.h">
      <Filter>Source Files\Object Capabilities</Filter>
    </ClInclude>
    <ClInclude Include="Source\World.h">
      <Filter>Source Files\World</Filter>
    </ClInclude>
    <ClInclude Include="Source\Globals.h">
      <Filter>Source Files</Filter>
    </ClInclude>
    <ClInclude Include="Source\Server.h">
      <Filter>Source Files</Filter>
    </ClInclude>
    <ClInclude Include="Source\Util.h">
      <Filter>Source Files</Filter>
    </ClInclude>
    <ClInclude Include="Source\PhysicsDesc.h">
      <Filter>Source Files\Objects</Filter>
    </ClInclude>
    <ClInclude Include="Source\Logging.h">
      <Filter>Source Files</Filter>
    </ClInclude>
    <ClInclude Include="Source\GameMode.h">
      <Filter>Source Files\World</Filter>
    </ClInclude>
    <ClInclude Include="Source\NetworkDefs.h">
      <Filter>Source Files\Network</Filter>
    </ClInclude>
    <ClInclude Include="Source\SHA512.h">
      <Filter>Source Files</Filter>
    </ClInclude>
    <ClInclude Include="Source\WeenieObject.h">
      <Filter>Source Files\Objects</Filter>
    </ClInclude>
    <ClInclude Include="Source\PacketCaptureCredits.h">
      <Filter>Header Files</Filter>
    </ClInclude>
    <ClInclude Include="Source\WorldLandBlock.h">
      <Filter>Source Files\World</Filter>
    </ClInclude>
    <ClInclude Include="Source\Config.h">
      <Filter>Source Files</Filter>
    </ClInclude>
    <ClInclude Include="Source\PhysicsObjCustom.h">
      <Filter>Source Files\Objects</Filter>
    </ClInclude>
    <ClInclude Include="Source\ObjectIDGen.h">
      <Filter>Source Files\World</Filter>
    </ClInclude>
    <ClInclude Include="Source\ServerObjectMaint.h">
      <Filter>Source Files\World</Filter>
    </ClInclude>
    <ClInclude Include="Source\ServerCellManager.h">
      <Filter>Source Files\World</Filter>
    </ClInclude>
    <ClInclude Include="Source\PhatSDK\Animation.h">
      <Filter>Header Files\PhatSDK</Filter>
    </ClInclude>
    <ClInclude Include="Source\PhatSDK\AnimHooks.h">
      <Filter>Header Files\PhatSDK</Filter>
    </ClInclude>
    <ClInclude Include="Source\PhatSDK\BSPData.h">
      <Filter>Header Files\PhatSDK</Filter>
    </ClInclude>
    <ClInclude Include="Source\PhatSDK\ChildList.h">
      <Filter>Header Files\PhatSDK</Filter>
    </ClInclude>
    <ClInclude Include="Source\PhatSDK\ClothingTable.h">
      <Filter>Header Files\PhatSDK</Filter>
    </ClInclude>
    <ClInclude Include="Source\PhatSDK\DArray.h">
      <Filter>Header Files\PhatSDK</Filter>
    </ClInclude>
    <ClInclude Include="Source\PhatSDK\DLListBase.h">
      <Filter>Header Files\PhatSDK</Filter>
    </ClInclude>
    <ClInclude Include="Source\PhatSDK\EnvCell.h">
      <Filter>Header Files\PhatSDK</Filter>
    </ClInclude>
    <ClInclude Include="Source\PhatSDK\Environment.h">
      <Filter>Header Files\PhatSDK</Filter>
    </ClInclude>
    <ClInclude Include="Source\PhatSDK\ExperienceTable.h">
      <Filter>Header Files\PhatSDK</Filter>
    </ClInclude>
    <ClInclude Include="Source\PhatSDK\Frame.h">
      <Filter>Header Files\PhatSDK</Filter>
    </ClInclude>
    <ClInclude Include="Source\PhatSDK\GameSky.h">
      <Filter>Header Files\PhatSDK</Filter>
    </ClInclude>
    <ClInclude Include="Source\PhatSDK\GameTime.h">
      <Filter>Header Files\PhatSDK</Filter>
    </ClInclude>
    <ClInclude Include="Source\PhatSDK\GfxObj.h">
      <Filter>Header Files\PhatSDK</Filter>
    </ClInclude>
    <ClInclude Include="Source\PhatSDK\HashData.h">
      <Filter>Header Files\PhatSDK</Filter>
    </ClInclude>
    <ClInclude Include="Source\PhatSDK\LandBlock.h">
      <Filter>Header Files\PhatSDK</Filter>
    </ClInclude>
    <ClInclude Include="Source\PhatSDK\LandBlockInfo.h">
      <Filter>Header Files\PhatSDK</Filter>
    </ClInclude>
    <ClInclude Include="Source\PhatSDK\LandBlockStruct.h">
      <Filter>Header Files\PhatSDK</Filter>
    </ClInclude>
    <ClInclude Include="Source\PhatSDK\LandCell.h">
      <Filter>Header Files\PhatSDK</Filter>
    </ClInclude>
    <ClInclude Include="Source\PhatSDK\LandDefs.h">
      <Filter>Header Files\PhatSDK</Filter>
    </ClInclude>
    <ClInclude Include="Source\PhatSDK\LandScape.h">
      <Filter>Header Files\PhatSDK</Filter>
    </ClInclude>
    <ClInclude Include="Source\PhatSDK\LegacyPackObj.h">
      <Filter>Header Files\PhatSDK</Filter>
    </ClInclude>
    <ClInclude Include="Source\PhatSDK\LegacyStubs.h">
      <Filter>Header Files\PhatSDK</Filter>
    </ClInclude>
    <ClInclude Include="Source\PhatSDK\Material.h">
      <Filter>Header Files\PhatSDK</Filter>
    </ClInclude>
    <ClInclude Include="Source\PhatSDK\MathLib.h">
      <Filter>Header Files\PhatSDK</Filter>
    </ClInclude>
    <ClInclude Include="Source\PhatSDK\MotionTable.h">
      <Filter>Header Files\PhatSDK</Filter>
    </ClInclude>
    <ClInclude Include="Source\PhatSDK\Movement.h">
      <Filter>Header Files\PhatSDK</Filter>
    </ClInclude>
    <ClInclude Include="Source\PhatSDK\MovementManager.h">
      <Filter>Header Files\PhatSDK</Filter>
    </ClInclude>
    <ClInclude Include="Source\PhatSDK\ObjCache.h">
      <Filter>Header Files\PhatSDK</Filter>
    </ClInclude>
    <ClInclude Include="Source\PhatSDK\ObjCell.h">
      <Filter>Header Files\PhatSDK</Filter>
    </ClInclude>
    <ClInclude Include="Source\PhatSDK\ObjDesc.h">
      <Filter>Header Files\PhatSDK</Filter>
    </ClInclude>
    <ClInclude Include="Source\PhatSDK\ObjectMaint.h">
      <Filter>Header Files\PhatSDK</Filter>
    </ClInclude>
    <ClInclude Include="Source\PhatSDK\Palette.h">
      <Filter>Header Files\PhatSDK</Filter>
    </ClInclude>
    <ClInclude Include="Source\PhatSDK\PalSet.h">
      <Filter>Header Files\PhatSDK</Filter>
    </ClInclude>
    <ClInclude Include="Source\PhatSDK\PartArray.h">
      <Filter>Header Files\PhatSDK</Filter>
    </ClInclude>
    <ClInclude Include="Source\PhatSDK\PartCell.h">
      <Filter>Header Files\PhatSDK</Filter>
    </ClInclude>
    <ClInclude Include="Source\PhatSDK\Particles.h">
      <Filter>Header Files\PhatSDK</Filter>
    </ClInclude>
    <ClInclude Include="Source\PhatSDK\Physics.h">
      <Filter>Header Files\PhatSDK</Filter>
    </ClInclude>
    <ClInclude Include="Source\PhatSDK\PhysicsDesc.h">
      <Filter>Header Files\PhatSDK</Filter>
    </ClInclude>
    <ClInclude Include="Source\PhatSDK\PhysicsObj.h">
      <Filter>Header Files\PhatSDK</Filter>
    </ClInclude>
    <ClInclude Include="Source\PhatSDK\PhysicsPart.h">
      <Filter>Header Files\PhatSDK</Filter>
    </ClInclude>
    <ClInclude Include="Source\PhatSDK\Polygon.h">
      <Filter>Header Files\PhatSDK</Filter>
    </ClInclude>
    <ClInclude Include="Source\PhatSDK\PString.h">
      <Filter>Header Files\PhatSDK</Filter>
    </ClInclude>
    <ClInclude Include="Source\PhatSDK\PublicWeenieDesc.h">
      <Filter>Header Files\PhatSDK</Filter>
    </ClInclude>
    <ClInclude Include="Source\PhatSDK\Qualities.h">
      <Filter>Header Files\PhatSDK</Filter>
    </ClInclude>
    <ClInclude Include="Source\PhatSDK\RegionDesc.h">
      <Filter>Header Files\PhatSDK</Filter>
    </ClInclude>
    <ClInclude Include="Source\PhatSDK\SArray.h">
      <Filter>Header Files\PhatSDK</Filter>
    </ClInclude>
    <ClInclude Include="Source\PhatSDK\Scripts.h">
      <Filter>Header Files\PhatSDK</Filter>
    </ClInclude>
    <ClInclude Include="Source\PhatSDK\Setup.h">
      <Filter>Header Files\PhatSDK</Filter>
    </ClInclude>
    <ClInclude Include="Source\PhatSDK\SkillTable.h">
      <Filter>Header Files\PhatSDK</Filter>
    </ClInclude>
    <ClInclude Include="Source\PhatSDK\SkyDesc.h">
      <Filter>Header Files\PhatSDK</Filter>
    </ClInclude>
    <ClInclude Include="Source\PhatSDK\SmartArray.h">
      <Filter>Header Files\PhatSDK</Filter>
    </ClInclude>
    <ClInclude Include="Source\PhatSDK\SmartBox.h">
      <Filter>Header Files\PhatSDK</Filter>
    </ClInclude>
    <ClInclude Include="Source\PhatSDK\SortCell.h">
      <Filter>Header Files\PhatSDK</Filter>
    </ClInclude>
    <ClInclude Include="Source\PhatSDK\SoundDesc.h">
      <Filter>Header Files\PhatSDK</Filter>
    </ClInclude>
    <ClInclude Include="Source\PhatSDK\Surface.h">
      <Filter>Header Files\PhatSDK</Filter>
    </ClInclude>
    <ClInclude Include="Source\PhatSDK\Texture.h">
      <Filter>Header Files\PhatSDK</Filter>
    </ClInclude>
    <ClInclude Include="Source\PhatSDK\Transition.h">
      <Filter>Header Files\PhatSDK</Filter>
    </ClInclude>
    <ClInclude Include="Source\PhatSDK\Vertex.h">
      <Filter>Header Files\PhatSDK</Filter>
    </ClInclude>
    <ClInclude Include="Source\PhatSDK\Support\BinaryReader.h">
      <Filter>Header Files\PhatSDK\Support</Filter>
    </ClInclude>
    <ClInclude Include="Source\PhatSDK\Support\BinaryWriter.h">
      <Filter>Header Files\PhatSDK\Support</Filter>
    </ClInclude>
    <ClInclude Include="Source\PhatSDK\Support\DATDisk.h">
      <Filter>Header Files\PhatSDK\Support</Filter>
    </ClInclude>
    <ClInclude Include="Source\PhatSDK\GameEnums.h">
      <Filter>Header Files\PhatSDK</Filter>
    </ClInclude>
    <ClInclude Include="Source\PhatSDK\GameStatEnums.h">
      <Filter>Header Files\PhatSDK</Filter>
    </ClInclude>
    <ClInclude Include="Source\PhatSDK\Support\Packable.h">
      <Filter>Header Files\PhatSDK\Support</Filter>
    </ClInclude>
    <ClInclude Include="Source\PhatSDK\PhatSDK.h">
      <Filter>Header Files\PhatSDK</Filter>
    </ClInclude>
    <ClInclude Include="Source\PhatSDK\WeenieObjectStub.h">
      <Filter>Header Files\PhatSDK</Filter>
    </ClInclude>
    <ClInclude Include="Source\PhatSDK\PhatSDKSettings.h">
      <Filter>Header Files\PhatSDK</Filter>
    </ClInclude>
    <ClInclude Include="Source\PhatSDK\PositionManager.h">
      <Filter>Header Files\PhatSDK</Filter>
    </ClInclude>
    <ClInclude Include="Source\PhatSDK\TargetManager.h">
      <Filter>Header Files\PhatSDK</Filter>
    </ClInclude>
    <ClInclude Include="Source\PhatSDK\Scene.h">
      <Filter>Header Files\PhatSDK</Filter>
    </ClInclude>
    <ClInclude Include="Source\SpellcastingManager.h">
      <Filter>Source Files\Object Capabilities</Filter>
    </ClInclude>
    <ClInclude Include="Source\MonsterAI.h">
      <Filter>Source Files\Object Capabilities</Filter>
    </ClInclude>
    <ClInclude Include="Source\ChatMsgs.h">
      <Filter>Source Files\Object Capabilities</Filter>
    </ClInclude>
    <ClInclude Include="Source\PhatSDK\SpellTable.h">
      <Filter>Header Files\PhatSDK</Filter>
    </ClInclude>
    <ClInclude Include="Source\PhatSDK\SpellEnums.h">
      <Filter>Header Files\PhatSDK</Filter>
    </ClInclude>
    <ClInclude Include="Source\PhatSDK\MagicSystem.h">
      <Filter>Header Files\PhatSDK</Filter>
    </ClInclude>
    <ClInclude Include="Source\PhatSDK\Support\WeenieDefaults.h">
      <Filter>Header Files\PhatSDK\Support</Filter>
    </ClInclude>
    <ClInclude Include="Source\PhatSDK\SpellComponentTable.h">
      <Filter>Header Files\PhatSDK</Filter>
    </ClInclude>
    <ClInclude Include="Source\PhatSDK\BuildingObj.h">
      <Filter>Header Files\PhatSDK</Filter>
    </ClInclude>
    <ClInclude Include="Source\PhatSDK\Appraisal.h">
      <Filter>Header Files\PhatSDK</Filter>
    </ClInclude>
    <ClInclude Include="Source\PhatSDK\Support\ISAAC.h">
      <Filter>Header Files\PhatSDK\Support</Filter>
    </ClInclude>
    <ClInclude Include="Source\Door.h">
      <Filter>Source Files\Objects\Weenie Types</Filter>
    </ClInclude>
    <ClInclude Include="Source\Lifestone.h">
      <Filter>Source Files\Objects\Weenie Types</Filter>
    </ClInclude>
    <ClInclude Include="Source\SpellProjectile.h">
      <Filter>Source Files\Objects\Weenie Types</Filter>
    </ClInclude>
    <ClInclude Include="Source\Portal.h">
      <Filter>Source Files\Objects\Weenie Types</Filter>
    </ClInclude>
    <ClInclude Include="Source\Player.h">
      <Filter>Source Files\Objects\Weenie Types</Filter>
    </ClInclude>
    <ClInclude Include="Source\Monster.h">
      <Filter>Source Files\Objects\Weenie Types</Filter>
    </ClInclude>
    <ClInclude Include="Source\TownCrier.h">
      <Filter>Source Files\Objects\Weenie Types</Filter>
    </ClInclude>
    <ClInclude Include="Source\Vendor.h">
      <Filter>Source Files\Objects\Weenie Types</Filter>
    </ClInclude>
    <ClInclude Include="Source\PhatSDK\OldPublicWeenieDesc.h">
      <Filter>Header Files\PhatSDK</Filter>
    </ClInclude>
    <ClInclude Include="Source\PhatSDK\VendorProfile.h">
      <Filter>Header Files\PhatSDK</Filter>
    </ClInclude>
    <ClInclude Include="Source\WeenieFactory.h">
      <Filter>Source Files\Objects</Filter>
    </ClInclude>
    <ClInclude Include="Source\WeenieLandCoverage.h">
      <Filter>Source Files\World</Filter>
    </ClInclude>
    <ClInclude Include="Source\DatabaseIO.h">
      <Filter>Source Files\Database</Filter>
    </ClInclude>
    <ClInclude Include="Source\Database2.h">
      <Filter>Source Files\Database</Filter>
    </ClInclude>
    <ClInclude Include="Source\PhatSDK\Support\WeenieSave.h">
      <Filter>Header Files\PhatSDK\Support</Filter>
    </ClInclude>
    <ClInclude Include="Source\PhatSDK\ObjectInventory.h">
      <Filter>Header Files\PhatSDK</Filter>
    </ClInclude>
    <ClInclude Include="Source\PhatSDK\Support\ClothingCache.h">
      <Filter>Header Files\PhatSDK\Support</Filter>
    </ClInclude>
    <ClInclude Include="Source\PhatSDK\ACCharGenResult.h">
      <Filter>Header Files\PhatSDK</Filter>
    </ClInclude>
    <ClInclude Include="Source\PhatSDK\ACCharGenData.h">
      <Filter>Header Files\PhatSDK</Filter>
    </ClInclude>
    <ClInclude Include="Source\PhatSDK\Support\LandBlockExtendedData.h">
      <Filter>Header Files\PhatSDK\Support</Filter>
    </ClInclude>
    <ClInclude Include="Source\Switch.h">
      <Filter>Source Files\Objects\Weenie Types</Filter>
    </ClInclude>
    <ClInclude Include="Source\HotSpot.h">
      <Filter>Source Files\Objects\Weenie Types</Filter>
    </ClInclude>
    <ClInclude Include="Source\PressurePlate.h">
      <Filter>Source Files\Objects\Weenie Types</Filter>
    </ClInclude>
    <ClInclude Include="Source\PhatSDK\Support\RegionDescExtendedData.h">
      <Filter>Header Files\PhatSDK\Support</Filter>
    </ClInclude>
    <ClInclude Include="Source\PhatSDK\WClassID.h">
      <Filter>Header Files\PhatSDK</Filter>
    </ClInclude>
    <ClInclude Include="Source\Book.h">
      <Filter>Source Files\Objects\Weenie Types</Filter>
    </ClInclude>
    <ClInclude Include="Source\Food.h">
      <Filter>Source Files\Objects\Weenie Types</Filter>
    </ClInclude>
    <ClInclude Include="Source\PhatSDK\CombatSystem.h">
      <Filter>Header Files\PhatSDK</Filter>
    </ClInclude>
    <ClInclude Include="Source\FellowshipManager.h">
      <Filter>Source Files\World</Filter>
    </ClInclude>
    <ClInclude Include="Source\AllegianceManager.h">
      <Filter>Source Files\World</Filter>
    </ClInclude>
    <ClInclude Include="Source\PhatSDK\AllegianceProfile.h">
      <Filter>Header Files\PhatSDK</Filter>
    </ClInclude>
    <ClInclude Include="Source\InferredCellData.h">
      <Filter>Source Files\Data</Filter>
    </ClInclude>
    <ClInclude Include="Source\InferredPortalData.h">
      <Filter>Source Files\Data</Filter>
    </ClInclude>
    <ClInclude Include="Source\PhatSDK\Support\SpellTableExtendedData.h">
      <Filter>Header Files\PhatSDK\Support</Filter>
    </ClInclude>
    <ClInclude Include="Source\PhatSDK\QualityFilter.h">
      <Filter>Header Files\PhatSDK</Filter>
    </ClInclude>
    <ClInclude Include="Source\PhatSDK\Support\TreasureTable.h">
      <Filter>Header Files\PhatSDK\Support</Filter>
    </ClInclude>
    <ClInclude Include="Source\EmoteManager.h">
      <Filter>Source Files\Object Capabilities</Filter>
    </ClInclude>
    <ClInclude Include="Source\Container.h">
      <Filter>Source Files\Objects\Weenie Types</Filter>
    </ClInclude>
    <ClInclude Include="Source\Caster.h">
      <Filter>Source Files\Objects\Weenie Types</Filter>
    </ClInclude>
    <ClInclude Include="Source\Clothing.h">
      <Filter>Source Files\Objects\Weenie Types</Filter>
    </ClInclude>
    <ClInclude Include="Source\PhatSDK\QuestDefDB.h">
      <Filter>Header Files\PhatSDK</Filter>
    </ClInclude>
    <ClInclude Include="Source\Corpse.h">
      <Filter>Source Files\Objects\Weenie Types</Filter>
    </ClInclude>
    <ClInclude Include="Source\PhatSDK\Support\CraftTable.h">
      <Filter>Header Files\PhatSDK\Support</Filter>
    </ClInclude>
    <ClInclude Include="Source\Healer.h">
      <Filter>Source Files\Objects\Weenie Types</Filter>
    </ClInclude>
    <ClInclude Include="Source\PhatSDK\Support\SkillChecks.h">
      <Filter>Header Files\PhatSDK\Support</Filter>
    </ClInclude>
    <ClInclude Include="Source\Missile.h">
      <Filter>Source Files\Objects\Weenie Types</Filter>
    </ClInclude>
    <ClInclude Include="Source\PhatSDK\PlayerModule.h">
      <Filter>Header Files\PhatSDK</Filter>
    </ClInclude>
    <ClInclude Include="Source\ServerAPI.h">
      <Filter>Source Files</Filter>
    </ClInclude>
    <ClInclude Include="Source\UseManager.h">
      <Filter>Source Files\Object Capabilities</Filter>
    </ClInclude>
    <ClInclude Include="Source\House.h">
      <Filter>Source Files\Objects\Weenie Types</Filter>
    </ClInclude>
    <ClInclude Include="Source\PhatSDK\Housing.h">
      <Filter>Header Files\PhatSDK</Filter>
    </ClInclude>
    <ClInclude Include="Source\AttackManager.h">
      <Filter>Source Files\Object Capabilities</Filter>
    </ClInclude>
    <ClInclude Include="Source\StatTracker.h">
      <Filter>Source Files</Filter>
    </ClInclude>
    <ClInclude Include="Source\Scroll.h">
      <Filter>Source Files\Objects\Weenie Types</Filter>
    </ClInclude>
    <ClInclude Include="Source\MeleeWeapon.h">
      <Filter>Source Files\Objects\Weenie Types</Filter>
    </ClInclude>
    <ClInclude Include="Source\Chest.h">
      <Filter>Source Files\Objects\Weenie Types</Filter>
    </ClInclude>
    <ClInclude Include="Source\PhatSDK\Support\PhatDataBin.h">
      <Filter>Header Files\PhatSDK\Support</Filter>
    </ClInclude>
    <ClInclude Include="Source\PhatSDK\QuestTable.h">
      <Filter>Header Files\PhatSDK</Filter>
    </ClInclude>
    <ClInclude Include="Source\Key.h">
      <Filter>Source Files\Objects\Weenie Types</Filter>
    </ClInclude>
    <ClInclude Include="Source\Lockpick.h">
      <Filter>Source Files\Objects\Weenie Types</Filter>
    </ClInclude>
    <ClInclude Include="Source\Gem.h">
      <Filter>Source Files\Objects\Weenie Types</Filter>
    </ClInclude>
    <ClInclude Include="Source\PKModifier.h">
      <Filter>Source Files\Objects\Weenie Types</Filter>
    </ClInclude>
    <ClInclude Include="Source\MissileLauncher.h">
      <Filter>Source Files\Objects\Weenie Types</Filter>
    </ClInclude>
    <ClInclude Include="Source\Ammunition.h">
      <Filter>Source Files\Objects\Weenie Types</Filter>
    </ClInclude>
    <ClInclude Include="Source\PhatSDK\VitaeSystem.h">
      <Filter>Header Files\PhatSDK</Filter>
    </ClInclude>
    <ClInclude Include="Source\PhatSDK\MutationFilter.h">
      <Filter>Header Files\PhatSDK</Filter>
    </ClInclude>
    <ClInclude Include="Source\AttributeTransferDevice.h">
      <Filter>Source Files\Objects\Weenie Types</Filter>
    </ClInclude>
    <ClInclude Include="Source\SkillAlterationDevice.h">
      <Filter>Source Files\Objects\Weenie Types</Filter>
    </ClInclude>
    <ClInclude Include="Source\PhatSDK\Support\PackableJson.h">
      <Filter>Header Files\PhatSDK\Support</Filter>
    </ClInclude>
    <ClInclude Include="Source\PhatSDK\Support\Json.h">
      <Filter>Header Files\PhatSDK\Support</Filter>
    </ClInclude>
    <ClInclude Include="Source\GameEventManager.h">
      <Filter>Source Files\World</Filter>
    </ClInclude>
    <ClInclude Include="Source\PhatSDK\Support\GameEventDefDB.h">
      <Filter>Header Files\PhatSDK\Support</Filter>
    </ClInclude>
    <ClInclude Include="Resource\resource.h">
      <Filter>Header Files</Filter>
    </ClInclude>
    <ClInclude Include="Source\PhatSDK\Support\Random.h">
      <Filter>Header Files\PhatSDK\Support\Random</Filter>
    </ClInclude>
    <ClInclude Include="Source\PhatSDK\Support\CombatFormulas.h">
      <Filter>Source Files</Filter>
    </ClInclude>
    <ClInclude Include="Source\PhatSDK\Support\RandomRange.h">
      <Filter>Header Files\PhatSDK\Support\Random</Filter>
    </ClInclude>
    <ClInclude Include="Source\TreasureFactory.h">
      <Filter>Source Files\Objects</Filter>
    </ClInclude>
    <ClInclude Include="Source\BindStone.h">
      <Filter>Source Files\Objects\Weenie Types</Filter>
    </ClInclude>
    <ClInclude Include="Lib\zlib\zconf.h">
      <Filter>Source Files\ZLib</Filter>
    </ClInclude>
	<ClInclude Include="Source\TradeManager.h">
	<Filter>Source Files\Object Capabilities</Filter>
	</ClInclude>
	<ClInclude Include="Source\EnumUtil.h">
	<Filter>Source Files</Filter>
	</ClInclude>
    <ClInclude Include="Lib\zlib\zlib.h">
      <Filter>Source Files\ZLib</Filter>
    </ClInclude>
    <ClInclude Include="Source\ManaStone.h">
      <Filter>Source Files\Objects\Weenie Types</Filter>
    </ClInclude>
  </ItemGroup>
  <ItemGroup>
    <Image Include="Resource\client.ico">
      <Filter>Resource Files</Filter>
    </Image>
  </ItemGroup>
  <ItemGroup>
    <ResourceCompile Include="Resource\PhatAC.rc">
      <Filter>Resource Files</Filter>
    </ResourceCompile>
  </ItemGroup>
  <ItemGroup>
    <None Include="README.md" />
  </ItemGroup>
</Project>